// !$*UTF8*$!
{
	archiveVersion = 1;
	classes = {
	};
	objectVersion = 46;
	objects = {

/* Begin PBXBuildFile section */
		7D12F6A319C77C3600BA4C5F /* SwiftDelegate.swift in Sources */ = {isa = PBXBuildFile; fileRef = 7D12F6A219C77C3600BA4C5F /* SwiftDelegate.swift */; };
		7D12F6A619C77F7C00BA4C5F /* PDFView.swift in Sources */ = {isa = PBXBuildFile; fileRef = 7D12F6A519C77F7C00BA4C5F /* PDFView.swift */; };
		7D51A00619C3737000C70018 /* main.m in Sources */ = {isa = PBXBuildFile; fileRef = 7D51A00519C3737000C70018 /* main.m */; };
		7D51A00919C3737000C70018 /* AppDelegate.m in Sources */ = {isa = PBXBuildFile; fileRef = 7D51A00819C3737000C70018 /* AppDelegate.m */; };
		7D51A00B19C3737000C70018 /* Images.xcassets in Resources */ = {isa = PBXBuildFile; fileRef = 7D51A00A19C3737000C70018 /* Images.xcassets */; };
		7D51A00E19C3737000C70018 /* MainMenu.xib in Resources */ = {isa = PBXBuildFile; fileRef = 7D51A00C19C3737000C70018 /* MainMenu.xib */; };
		7D51A02519C3746F00C70018 /* XXPDFView.m in Sources */ = {isa = PBXBuildFile; fileRef = 7D51A02419C3746F00C70018 /* XXPDFView.m */; };
/* End PBXBuildFile section */

/* Begin PBXFileReference section */
		7D12F6A119C77C3600BA4C5F /* CGPS-Bridging-Header.h */ = {isa = PBXFileReference; fileEncoding = 4; lastKnownFileType = sourcecode.c.h; path = "CGPS-Bridging-Header.h"; sourceTree = "<group>"; };
		7D12F6A219C77C3600BA4C5F /* SwiftDelegate.swift */ = {isa = PBXFileReference; fileEncoding = 4; lastKnownFileType = sourcecode.swift; path = SwiftDelegate.swift; sourceTree = "<group>"; };
		7D12F6A519C77F7C00BA4C5F /* PDFView.swift */ = {isa = PBXFileReference; fileEncoding = 4; lastKnownFileType = sourcecode.swift; path = PDFView.swift; sourceTree = "<group>"; };
		7D51A00019C3737000C70018 /* CGPS.app */ = {isa = PBXFileReference; explicitFileType = wrapper.application; includeInIndex = 0; path = CGPS.app; sourceTree = BUILT_PRODUCTS_DIR; };
		7D51A00419C3737000C70018 /* Info.plist */ = {isa = PBXFileReference; lastKnownFileType = text.plist.xml; path = Info.plist; sourceTree = "<group>"; };
		7D51A00519C3737000C70018 /* main.m */ = {isa = PBXFileReference; lastKnownFileType = sourcecode.c.objc; path = main.m; sourceTree = "<group>"; };
		7D51A00719C3737000C70018 /* AppDelegate.h */ = {isa = PBXFileReference; lastKnownFileType = sourcecode.c.h; path = AppDelegate.h; sourceTree = "<group>"; };
		7D51A00819C3737000C70018 /* AppDelegate.m */ = {isa = PBXFileReference; lastKnownFileType = sourcecode.c.objc; path = AppDelegate.m; sourceTree = "<group>"; };
		7D51A00A19C3737000C70018 /* Images.xcassets */ = {isa = PBXFileReference; lastKnownFileType = folder.assetcatalog; path = Images.xcassets; sourceTree = "<group>"; };
		7D51A00D19C3737000C70018 /* Base */ = {isa = PBXFileReference; lastKnownFileType = file.xib; name = Base; path = Base.lproj/MainMenu.xib; sourceTree = "<group>"; };
		7D51A02319C3746F00C70018 /* XXPDFView.h */ = {isa = PBXFileReference; fileEncoding = 4; lastKnownFileType = sourcecode.c.h; path = XXPDFView.h; sourceTree = "<group>"; };
		7D51A02419C3746F00C70018 /* XXPDFView.m */ = {isa = PBXFileReference; fileEncoding = 4; lastKnownFileType = sourcecode.c.objc; path = XXPDFView.m; sourceTree = "<group>"; };
/* End PBXFileReference section */

/* Begin PBXFrameworksBuildPhase section */
		7D519FFD19C3737000C70018 /* Frameworks */ = {
			isa = PBXFrameworksBuildPhase;
			buildActionMask = 2147483647;
			files = (
			);
			runOnlyForDeploymentPostprocessing = 0;
		};
/* End PBXFrameworksBuildPhase section */

/* Begin PBXGroup section */
		7D12F69F19C77C2000BA4C5F /* Swift */ = {
			isa = PBXGroup;
			children = (
				7D12F6A219C77C3600BA4C5F /* SwiftDelegate.swift */,
				7D12F6A519C77F7C00BA4C5F /* PDFView.swift */,
				7D12F6A119C77C3600BA4C5F /* CGPS-Bridging-Header.h */,
			);
			name = Swift;
			sourceTree = "<group>";
		};
		7D12F6A419C77F5700BA4C5F /* Objective-C */ = {
			isa = PBXGroup;
			children = (
				7D51A00719C3737000C70018 /* AppDelegate.h */,
				7D51A00819C3737000C70018 /* AppDelegate.m */,
				7D51A02319C3746F00C70018 /* XXPDFView.h */,
				7D51A02419C3746F00C70018 /* XXPDFView.m */,
			);
			name = "Objective-C";
			sourceTree = "<group>";
		};
		7D519FF719C3737000C70018 = {
			isa = PBXGroup;
			children = (
				7D51A00219C3737000C70018 /* CGPS */,
				7D51A00119C3737000C70018 /* Products */,
			);
			sourceTree = "<group>";
		};
		7D51A00119C3737000C70018 /* Products */ = {
			isa = PBXGroup;
			children = (
				7D51A00019C3737000C70018 /* CGPS.app */,
			);
			name = Products;
			sourceTree = "<group>";
		};
		7D51A00219C3737000C70018 /* CGPS */ = {
			isa = PBXGroup;
			children = (
				7D12F6A419C77F5700BA4C5F /* Objective-C */,
				7D12F69F19C77C2000BA4C5F /* Swift */,
				7D51A00A19C3737000C70018 /* Images.xcassets */,
				7D51A00C19C3737000C70018 /* MainMenu.xib */,
				7D51A00319C3737000C70018 /* Supporting Files */,
			);
			path = CGPS;
			sourceTree = "<group>";
		};
		7D51A00319C3737000C70018 /* Supporting Files */ = {
			isa = PBXGroup;
			children = (
				7D51A00419C3737000C70018 /* Info.plist */,
				7D51A00519C3737000C70018 /* main.m */,
			);
			name = "Supporting Files";
			sourceTree = "<group>";
		};
/* End PBXGroup section */

/* Begin PBXNativeTarget section */
		7D519FFF19C3737000C70018 /* CGPS */ = {
			isa = PBXNativeTarget;
			buildConfigurationList = 7D51A01D19C3737000C70018 /* Build configuration list for PBXNativeTarget "CGPS" */;
			buildPhases = (
				7D519FFC19C3737000C70018 /* Sources */,
				7D519FFD19C3737000C70018 /* Frameworks */,
				7D519FFE19C3737000C70018 /* Resources */,
			);
			buildRules = (
			);
			dependencies = (
			);
			name = CGPS;
			productName = CGPS;
			productReference = 7D51A00019C3737000C70018 /* CGPS.app */;
			productType = "com.apple.product-type.application";
		};
/* End PBXNativeTarget section */

/* Begin PBXProject section */
		7D519FF819C3737000C70018 /* Project object */ = {
			isa = PBXProject;
			attributes = {
				LastUpgradeCheck = 0600;
				ORGANIZATIONNAME = "Big Nerd Ranch";
				TargetAttributes = {
					7D519FFF19C3737000C70018 = {
						CreatedOnToolsVersion = 6.0;
					};
				};
			};
			buildConfigurationList = 7D519FFB19C3737000C70018 /* Build configuration list for PBXProject "CGPS" */;
			compatibilityVersion = "Xcode 3.2";
			developmentRegion = English;
			hasScannedForEncodings = 0;
			knownRegions = (
				en,
				Base,
			);
			mainGroup = 7D519FF719C3737000C70018;
			productRefGroup = 7D51A00119C3737000C70018 /* Products */;
			projectDirPath = "";
			projectRoot = "";
			targets = (
				7D519FFF19C3737000C70018 /* CGPS */,
			);
		};
/* End PBXProject section */

/* Begin PBXResourcesBuildPhase section */
		7D519FFE19C3737000C70018 /* Resources */ = {
			isa = PBXResourcesBuildPhase;
			buildActionMask = 2147483647;
			files = (
				7D51A00B19C3737000C70018 /* Images.xcassets in Resources */,
				7D51A00E19C3737000C70018 /* MainMenu.xib in Resources */,
			);
			runOnlyForDeploymentPostprocessing = 0;
		};
/* End PBXResourcesBuildPhase section */

/* Begin PBXSourcesBuildPhase section */
		7D519FFC19C3737000C70018 /* Sources */ = {
			isa = PBXSourcesBuildPhase;
			buildActionMask = 2147483647;
			files = (
				7D51A02519C3746F00C70018 /* XXPDFView.m in Sources */,
				7D51A00919C3737000C70018 /* AppDelegate.m in Sources */,
				7D12F6A319C77C3600BA4C5F /* SwiftDelegate.swift in Sources */,
				7D12F6A619C77F7C00BA4C5F /* PDFView.swift in Sources */,
				7D51A00619C3737000C70018 /* main.m in Sources */,
			);
			runOnlyForDeploymentPostprocessing = 0;
		};
/* End PBXSourcesBuildPhase section */

/* Begin PBXVariantGroup section */
		7D51A00C19C3737000C70018 /* MainMenu.xib */ = {
			isa = PBXVariantGroup;
			children = (
				7D51A00D19C3737000C70018 /* Base */,
			);
			name = MainMenu.xib;
			sourceTree = "<group>";
		};
/* End PBXVariantGroup section */

/* Begin XCBuildConfiguration section */
		7D51A01B19C3737000C70018 /* Debug */ = {
			isa = XCBuildConfiguration;
			buildSettings = {
				ALWAYS_SEARCH_USER_PATHS = NO;
				CLANG_CXX_LANGUAGE_STANDARD = "gnu++0x";
				CLANG_CXX_LIBRARY = "libc++";
				CLANG_ENABLE_MODULES = YES;
				CLANG_ENABLE_OBJC_ARC = YES;
				CLANG_WARN_BOOL_CONVERSION = YES;
				CLANG_WARN_CONSTANT_CONVERSION = YES;
				CLANG_WARN_DIRECT_OBJC_ISA_USAGE = YES_ERROR;
				CLANG_WARN_EMPTY_BODY = YES;
				CLANG_WARN_ENUM_CONVERSION = YES;
				CLANG_WARN_INT_CONVERSION = YES;
				CLANG_WARN_OBJC_ROOT_CLASS = YES_ERROR;
				CLANG_WARN_UNREACHABLE_CODE = YES;
				CLANG_WARN__DUPLICATE_METHOD_MATCH = YES;
				CODE_SIGN_IDENTITY = "-";
				COPY_PHASE_STRIP = NO;
				ENABLE_STRICT_OBJC_MSGSEND = YES;
				GCC_C_LANGUAGE_STANDARD = gnu99;
				GCC_DYNAMIC_NO_PIC = NO;
				GCC_OPTIMIZATION_LEVEL = 0;
				GCC_PREPROCESSOR_DEFINITIONS = (
					"DEBUG=1",
					"$(inherited)",
				);
				GCC_SYMBOLS_PRIVATE_EXTERN = NO;
				GCC_WARN_64_TO_32_BIT_CONVERSION = YES;
				GCC_WARN_ABOUT_RETURN_TYPE = YES_ERROR;
				GCC_WARN_UNDECLARED_SELECTOR = YES;
				GCC_WARN_UNINITIALIZED_AUTOS = YES_AGGRESSIVE;
				GCC_WARN_UNUSED_FUNCTION = YES;
				GCC_WARN_UNUSED_VARIABLE = YES;
				MACOSX_DEPLOYMENT_TARGET = 10.9;
				MTL_ENABLE_DEBUG_INFO = YES;
				ONLY_ACTIVE_ARCH = YES;
				SDKROOT = macosx;
			};
			name = Debug;
		};
		7D51A01C19C3737000C70018 /* Release */ = {
			isa = XCBuildConfiguration;
			buildSettings = {
				ALWAYS_SEARCH_USER_PATHS = NO;
				CLANG_CXX_LANGUAGE_STANDARD = "gnu++0x";
				CLANG_CXX_LIBRARY = "libc++";
				CLANG_ENABLE_MODULES = YES;
				CLANG_ENABLE_OBJC_ARC = YES;
				CLANG_WARN_BOOL_CONVERSION = YES;
				CLANG_WARN_CONSTANT_CONVERSION = YES;
				CLANG_WARN_DIRECT_OBJC_ISA_USAGE = YES_ERROR;
				CLANG_WARN_EMPTY_BODY = YES;
				CLANG_WARN_ENUM_CONVERSION = YES;
				CLANG_WARN_INT_CONVERSION = YES;
				CLANG_WARN_OBJC_ROOT_CLASS = YES_ERROR;
				CLANG_WARN_UNREACHABLE_CODE = YES;
				CLANG_WARN__DUPLICATE_METHOD_MATCH = YES;
				CODE_SIGN_IDENTITY = "-";
				COPY_PHASE_STRIP = YES;
				DEBUG_INFORMATION_FORMAT = "dwarf-with-dsym";
				ENABLE_NS_ASSERTIONS = NO;
				ENABLE_STRICT_OBJC_MSGSEND = YES;
				GCC_C_LANGUAGE_STANDARD = gnu99;
				GCC_WARN_64_TO_32_BIT_CONVERSION = YES;
				GCC_WARN_ABOUT_RETURN_TYPE = YES_ERROR;
				GCC_WARN_UNDECLARED_SELECTOR = YES;
				GCC_WARN_UNINITIALIZED_AUTOS = YES_AGGRESSIVE;
				GCC_WARN_UNUSED_FUNCTION = YES;
				GCC_WARN_UNUSED_VARIABLE = YES;
				MACOSX_DEPLOYMENT_TARGET = 10.9;
				MTL_ENABLE_DEBUG_INFO = NO;
				SDKROOT = macosx;
			};
			name = Release;
		};
		7D51A01E19C3737000C70018 /* Debug */ = {
			isa = XCBuildConfiguration;
			buildSettings = {
				ASSETCATALOG_COMPILER_APPICON_NAME = AppIcon;
				CLANG_ENABLE_MODULES = YES;
				COMBINE_HIDPI_IMAGES = YES;
				INFOPLIST_FILE = CGPS/Info.plist;
				LD_RUNPATH_SEARCH_PATHS = "$(inherited) @executable_path/../Frameworks";
				PRODUCT_NAME = "$(TARGET_NAME)";
				SWIFT_OBJC_BRIDGING_HEADER = "CGPS/CGPS-Bridging-Header.h";
				SWIFT_OPTIMIZATION_LEVEL = "-Onone";
			};
			name = Debug;
		};
		7D51A01F19C3737000C70018 /* Release */ = {
			isa = XCBuildConfiguration;
			buildSettings = {
				ASSETCATALOG_COMPILER_APPICON_NAME = AppIcon;
				CLANG_ENABLE_MODULES = YES;
				COMBINE_HIDPI_IMAGES = YES;
				INFOPLIST_FILE = CGPS/Info.plist;
				LD_RUNPATH_SEARCH_PATHS = "$(inherited) @executable_path/../Frameworks";
				PRODUCT_NAME = "$(TARGET_NAME)";
				SWIFT_OBJC_BRIDGING_HEADER = "CGPS/CGPS-Bridging-Header.h";
			};
			name = Release;
		};
/* End XCBuildConfiguration section */

/* Begin XCConfigurationList section */
		7D519FFB19C3737000C70018 /* Build configuration list for PBXProject "CGPS" */ = {
			isa = XCConfigurationList;
			buildConfigurations = (
				7D51A01B19C3737000C70018 /* Debug */,
				7D51A01C19C3737000C70018 /* Release */,
			);
			defaultConfigurationIsVisible = 0;
			defaultConfigurationName = Release;
		};
		7D51A01D19C3737000C70018 /* Build configuration list for PBXNativeTarget "CGPS" */ = {
			isa = XCConfigurationList;
			buildConfigurations = (
				7D51A01E19C3737000C70018 /* Debug */,
				7D51A01F19C3737000C70018 /* Release */,
			);
			defaultConfigurationIsVisible = 0;
			defaultConfigurationName = Release;
		};
/* End XCConfigurationList section */
	};
	rootObject = 7D519FF819C3737000C70018 /* Project object */;
}
